
Microsoft Visual Studio Solution File, Format Version 12.00
Project("{FAE04EC0-301F-11D3-BF4B-00C04F79EFBC}") = "WORLDSKILLS.AVIA", "WORLDSKILLS.AVIA\WORLDSKILLS.AVIA.csproj", "{C05CCE0C-E4E5-4FEC-A5E1-1E37F9E282AD}"
EndProject
Global
	GlobalSection(SolutionConfigurationPlatforms) = preSolution
		Debug|Any CPU = Debug|Any CPU
		Release|Any CPU = Release|Any CPU
	EndGlobalSection
	GlobalSection(ProjectConfigurationPlatforms) = postSolution
		{C05CCE0C-E4E5-4FEC-A5E1-1E37F9E282AD}.Debug|Any CPU.ActiveCfg = Debug|Any CPU
		{C05CCE0C-E4E5-4FEC-A5E1-1E37F9E282AD}.Debug|Any CPU.Build.0 = Debug|Any CPU
		{C05CCE0C-E4E5-4FEC-A5E1-1E37F9E282AD}.Release|Any CPU.ActiveCfg = Release|Any CPU
		{C05CCE0C-E4E5-4FEC-A5E1-1E37F9E282AD}.Release|Any CPU.Build.0 = Release|Any CPU
	EndGlobalSection
EndGlobal
